// !$*UTF8*$!
{
	archiveVersion = 1;
	classes = {
	};
	objectVersion = 46;
	objects = {

/* Begin PBXBuildFile section */
		02B88371EDFB5FDC06601B5D /* libPods-RunRecipeUITests.a in Frameworks */ = {isa = PBXBuildFile; fileRef = C7B8E62C1ED126DE357C0EBF /* libPods-RunRecipeUITests.a */; };
		1460FF0C1D48F6DE00748820 /* Run+CoreDataProperties.m in Sources */ = {isa = PBXBuildFile; fileRef = 1460FF011D48F6DE00748820 /* Run+CoreDataProperties.m */; };
		1460FF0D1D48F6DE00748820 /* Run.m in Sources */ = {isa = PBXBuildFile; fileRef = 1460FF031D48F6DE00748820 /* Run.m */; };
		1460FF0E1D48F6DE00748820 /* User+CoreDataProperties.m in Sources */ = {isa = PBXBuildFile; fileRef = 1460FF051D48F6DE00748820 /* User+CoreDataProperties.m */; };
		1460FF0F1D48F6DE00748820 /* User.m in Sources */ = {isa = PBXBuildFile; fileRef = 1460FF071D48F6DE00748820 /* User.m */; };
		1460FF101D48F6DE00748820 /* Location+CoreDataProperties.m in Sources */ = {isa = PBXBuildFile; fileRef = 1460FF091D48F6DE00748820 /* Location+CoreDataProperties.m */; };
		1460FF111D48F6DE00748820 /* Location.m in Sources */ = {isa = PBXBuildFile; fileRef = 1460FF0B1D48F6DE00748820 /* Location.m */; };
		1460FF141D48FB7900748820 /* StartRunViewController.m in Sources */ = {isa = PBXBuildFile; fileRef = 1460FF131D48FB7900748820 /* StartRunViewController.m */; };
		1460FF161D48FCFC00748820 /* MapKit.framework in Frameworks */ = {isa = PBXBuildFile; fileRef = 1460FF151D48FCFC00748820 /* MapKit.framework */; };
		1460FF191D4A520000748820 /* HistoryDetailsViewController.m in Sources */ = {isa = PBXBuildFile; fileRef = 1460FF181D4A520000748820 /* HistoryDetailsViewController.m */; };
		14F56B3C1D4E4A140081C95B /* CoreGraphics.framework in Frameworks */ = {isa = PBXBuildFile; fileRef = 14F56B3B1D4E4A140081C95B /* CoreGraphics.framework */; };
		14F56B3E1D4E4A1B0081C95B /* QuartzCore.framework in Frameworks */ = {isa = PBXBuildFile; fileRef = 14F56B3D1D4E4A1B0081C95B /* QuartzCore.framework */; };
		14F56B401D4E4A240081C95B /* UIKit.framework in Frameworks */ = {isa = PBXBuildFile; fileRef = 14F56B3F1D4E4A240081C95B /* UIKit.framework */; };
		14F56B421D4E4A310081C95B /* Foundation.framework in Frameworks */ = {isa = PBXBuildFile; fileRef = 14F56B411D4E4A300081C95B /* Foundation.framework */; };
		14FEFFAE1D414C1600F499AC /* main.m in Sources */ = {isa = PBXBuildFile; fileRef = 14FEFFAD1D414C1600F499AC /* main.m */; };
		14FEFFB11D414C1600F499AC /* AppDelegate.m in Sources */ = {isa = PBXBuildFile; fileRef = 14FEFFB01D414C1600F499AC /* AppDelegate.m */; };
		14FEFFB71D414C1600F499AC /* Main.storyboard in Resources */ = {isa = PBXBuildFile; fileRef = 14FEFFB51D414C1600F499AC /* Main.storyboard */; };
		14FEFFBA1D414C1600F499AC /* RunRecipe.xcdatamodeld in Sources */ = {isa = PBXBuildFile; fileRef = 14FEFFB81D414C1600F499AC /* RunRecipe.xcdatamodeld */; };
		14FEFFBC1D414C1600F499AC /* Assets.xcassets in Resources */ = {isa = PBXBuildFile; fileRef = 14FEFFBB1D414C1600F499AC /* Assets.xcassets */; };
		14FEFFBF1D414C1600F499AC /* LaunchScreen.storyboard in Resources */ = {isa = PBXBuildFile; fileRef = 14FEFFBD1D414C1600F499AC /* LaunchScreen.storyboard */; };
		14FEFFCA1D414C1600F499AC /* RunRecipeTests.m in Sources */ = {isa = PBXBuildFile; fileRef = 14FEFFC91D414C1600F499AC /* RunRecipeTests.m */; };
		14FEFFD51D414C1600F499AC /* RunRecipeUITests.m in Sources */ = {isa = PBXBuildFile; fileRef = 14FEFFD41D414C1600F499AC /* RunRecipeUITests.m */; };
		52149C8CE0C03B36C46F8B1E /* libPods-RunRecipe.a in Frameworks */ = {isa = PBXBuildFile; fileRef = 4574F7095B0460FC5724A863 /* libPods-RunRecipe.a */; };
		BFB204423685A619B8C59DAD /* libPods-RunRecipeTests.a in Frameworks */ = {isa = PBXBuildFile; fileRef = B21FEEBABB7434ABB0714729 /* libPods-RunRecipeTests.a */; };
		FB9E917E1D41B88D00BF9B7F /* Fabric.framework in Frameworks */ = {isa = PBXBuildFile; fileRef = FB9E917A1D41B88D00BF9B7F /* Fabric.framework */; };
		FB9E917F1D41B88D00BF9B7F /* TwitterKit.framework in Frameworks */ = {isa = PBXBuildFile; fileRef = FB9E917B1D41B88D00BF9B7F /* TwitterKit.framework */; };
		FB9E91801D41B88D00BF9B7F /* TwitterKitResources.bundle in Resources */ = {isa = PBXBuildFile; fileRef = FB9E917C1D41B88D00BF9B7F /* TwitterKitResources.bundle */; };
		FB9E91811D41B88D00BF9B7F /* TwitterCore.framework in Frameworks */ = {isa = PBXBuildFile; fileRef = FB9E917D1D41B88D00BF9B7F /* TwitterCore.framework */; };
		FB9E91851D41C6A500BF9B7F /* LogInViewController.m in Sources */ = {isa = PBXBuildFile; fileRef = FB9E91841D41C6A500BF9B7F /* LogInViewController.m */; };
		FB9E91881D42BA2900BF9B7F /* LogOutViewController.m in Sources */ = {isa = PBXBuildFile; fileRef = FB9E91871D42BA2900BF9B7F /* LogOutViewController.m */; };
		FB9E918B1D43C60C00BF9B7F /* TimelineViewController.m in Sources */ = {isa = PBXBuildFile; fileRef = FB9E918A1D43C60C00BF9B7F /* TimelineViewController.m */; };
		FB9E91941D44522600BF9B7F /* HistoryTableViewController.m in Sources */ = {isa = PBXBuildFile; fileRef = FB9E91931D44522600BF9B7F /* HistoryTableViewController.m */; };
		FB9E91971D45A37B00BF9B7F /* libsqlite3.tbd in Frameworks */ = {isa = PBXBuildFile; fileRef = FB9E91961D45A37B00BF9B7F /* libsqlite3.tbd */; };
		FB9E919C1D45A47400BF9B7F /* DBManager.m in Sources */ = {isa = PBXBuildFile; fileRef = FB9E919B1D45A47400BF9B7F /* DBManager.m */; };
		FB9E919E1D47B40200BF9B7F /* CoreData.framework in Frameworks */ = {isa = PBXBuildFile; fileRef = FB9E919D1D47B40200BF9B7F /* CoreData.framework */; };
		FB9E91A61D47EA7900BF9B7F /* SummaryViewController.m in Sources */ = {isa = PBXBuildFile; fileRef = FB9E91A51D47EA7900BF9B7F /* SummaryViewController.m */; };
		FB9E91AA1D47F29000BF9B7F /* OAuthiOS.framework in Frameworks */ = {isa = PBXBuildFile; fileRef = FB9E91A91D47F29000BF9B7F /* OAuthiOS.framework */; };
		FB9E91FD1D4AEA3B00BF9B7F /* DetailRunViewController.m in Sources */ = {isa = PBXBuildFile; fileRef = FB9E91FC1D4AEA3B00BF9B7F /* DetailRunViewController.m */; };
		FB9E92001D4AF19200BF9B7F /* MathController.m in Sources */ = {isa = PBXBuildFile; fileRef = FB9E91FF1D4AF19200BF9B7F /* MathController.m */; };
		FB9E92061D4B13DE00BF9B7F /* MultiColor.m in Sources */ = {isa = PBXBuildFile; fileRef = FB9E92051D4B13DE00BF9B7F /* MultiColor.m */; };
/* End PBXBuildFile section */

/* Begin PBXContainerItemProxy section */
		14FEFFC61D414C1600F499AC /* PBXContainerItemProxy */ = {
			isa = PBXContainerItemProxy;
			containerPortal = 14FEFFA11D414C1600F499AC /* Project object */;
			proxyType = 1;
			remoteGlobalIDString = 14FEFFA81D414C1600F499AC;
			remoteInfo = RunRecipe;
		};
		14FEFFD11D414C1600F499AC /* PBXContainerItemProxy */ = {
			isa = PBXContainerItemProxy;
			containerPortal = 14FEFFA11D414C1600F499AC /* Project object */;
			proxyType = 1;
			remoteGlobalIDString = 14FEFFA81D414C1600F499AC;
			remoteInfo = RunRecipe;
		};
/* End PBXContainerItemProxy section */

/* Begin PBXFileReference section */
		1460FF001D48F6DE00748820 /* Run+CoreDataProperties.h */ = {isa = PBXFileReference; fileEncoding = 4; lastKnownFileType = sourcecode.c.h; path = "Run+CoreDataProperties.h"; sourceTree = "<group>"; };
		1460FF011D48F6DE00748820 /* Run+CoreDataProperties.m */ = {isa = PBXFileReference; fileEncoding = 4; lastKnownFileType = sourcecode.c.objc; path = "Run+CoreDataProperties.m"; sourceTree = "<group>"; };
		1460FF021D48F6DE00748820 /* Run.h */ = {isa = PBXFileReference; fileEncoding = 4; lastKnownFileType = sourcecode.c.h; path = Run.h; sourceTree = "<group>"; };
		1460FF031D48F6DE00748820 /* Run.m */ = {isa = PBXFileReference; fileEncoding = 4; lastKnownFileType = sourcecode.c.objc; path = Run.m; sourceTree = "<group>"; };
		1460FF041D48F6DE00748820 /* User+CoreDataProperties.h */ = {isa = PBXFileReference; fileEncoding = 4; lastKnownFileType = sourcecode.c.h; path = "User+CoreDataProperties.h"; sourceTree = "<group>"; };
		1460FF051D48F6DE00748820 /* User+CoreDataProperties.m */ = {isa = PBXFileReference; fileEncoding = 4; lastKnownFileType = sourcecode.c.objc; path = "User+CoreDataProperties.m"; sourceTree = "<group>"; };
		1460FF061D48F6DE00748820 /* User.h */ = {isa = PBXFileReference; fileEncoding = 4; lastKnownFileType = sourcecode.c.h; path = User.h; sourceTree = "<group>"; };
		1460FF071D48F6DE00748820 /* User.m */ = {isa = PBXFileReference; fileEncoding = 4; lastKnownFileType = sourcecode.c.objc; path = User.m; sourceTree = "<group>"; };
		1460FF081D48F6DE00748820 /* Location+CoreDataProperties.h */ = {isa = PBXFileReference; fileEncoding = 4; lastKnownFileType = sourcecode.c.h; path = "Location+CoreDataProperties.h"; sourceTree = "<group>"; };
		1460FF091D48F6DE00748820 /* Location+CoreDataProperties.m */ = {isa = PBXFileReference; fileEncoding = 4; lastKnownFileType = sourcecode.c.objc; path = "Location+CoreDataProperties.m"; sourceTree = "<group>"; };
		1460FF0A1D48F6DE00748820 /* Location.h */ = {isa = PBXFileReference; fileEncoding = 4; lastKnownFileType = sourcecode.c.h; path = Location.h; sourceTree = "<group>"; };
		1460FF0B1D48F6DE00748820 /* Location.m */ = {isa = PBXFileReference; fileEncoding = 4; lastKnownFileType = sourcecode.c.objc; path = Location.m; sourceTree = "<group>"; };
		1460FF121D48FB7900748820 /* StartRunViewController.h */ = {isa = PBXFileReference; fileEncoding = 4; lastKnownFileType = sourcecode.c.h; path = StartRunViewController.h; sourceTree = "<group>"; };
		1460FF131D48FB7900748820 /* StartRunViewController.m */ = {isa = PBXFileReference; fileEncoding = 4; lastKnownFileType = sourcecode.c.objc; path = StartRunViewController.m; sourceTree = "<group>"; };
		1460FF151D48FCFC00748820 /* MapKit.framework */ = {isa = PBXFileReference; lastKnownFileType = wrapper.framework; name = MapKit.framework; path = System/Library/Frameworks/MapKit.framework; sourceTree = SDKROOT; };
		1460FF171D4A520000748820 /* HistoryDetailsViewController.h */ = {isa = PBXFileReference; fileEncoding = 4; lastKnownFileType = sourcecode.c.h; path = HistoryDetailsViewController.h; sourceTree = "<group>"; };
		1460FF181D4A520000748820 /* HistoryDetailsViewController.m */ = {isa = PBXFileReference; fileEncoding = 4; lastKnownFileType = sourcecode.c.objc; path = HistoryDetailsViewController.m; sourceTree = "<group>"; };
		14F56B3B1D4E4A140081C95B /* CoreGraphics.framework */ = {isa = PBXFileReference; lastKnownFileType = wrapper.framework; name = CoreGraphics.framework; path = System/Library/Frameworks/CoreGraphics.framework; sourceTree = SDKROOT; };
		14F56B3D1D4E4A1B0081C95B /* QuartzCore.framework */ = {isa = PBXFileReference; lastKnownFileType = wrapper.framework; name = QuartzCore.framework; path = System/Library/Frameworks/QuartzCore.framework; sourceTree = SDKROOT; };
		14F56B3F1D4E4A240081C95B /* UIKit.framework */ = {isa = PBXFileReference; lastKnownFileType = wrapper.framework; name = UIKit.framework; path = System/Library/Frameworks/UIKit.framework; sourceTree = SDKROOT; };
		14F56B411D4E4A300081C95B /* Foundation.framework */ = {isa = PBXFileReference; lastKnownFileType = wrapper.framework; name = Foundation.framework; path = System/Library/Frameworks/Foundation.framework; sourceTree = SDKROOT; };
		14FEFFA91D414C1600F499AC /* RunRecipe.app */ = {isa = PBXFileReference; explicitFileType = wrapper.application; includeInIndex = 0; path = RunRecipe.app; sourceTree = BUILT_PRODUCTS_DIR; };
		14FEFFAD1D414C1600F499AC /* main.m */ = {isa = PBXFileReference; lastKnownFileType = sourcecode.c.objc; path = main.m; sourceTree = "<group>"; };
		14FEFFAF1D414C1600F499AC /* AppDelegate.h */ = {isa = PBXFileReference; lastKnownFileType = sourcecode.c.h; path = AppDelegate.h; sourceTree = "<group>"; };
		14FEFFB01D414C1600F499AC /* AppDelegate.m */ = {isa = PBXFileReference; lastKnownFileType = sourcecode.c.objc; path = AppDelegate.m; sourceTree = "<group>"; };
		14FEFFB61D414C1600F499AC /* Base */ = {isa = PBXFileReference; lastKnownFileType = file.storyboard; name = Base; path = Base.lproj/Main.storyboard; sourceTree = "<group>"; };
		14FEFFB91D414C1600F499AC /* RunRecipe.xcdatamodel */ = {isa = PBXFileReference; lastKnownFileType = wrapper.xcdatamodel; path = RunRecipe.xcdatamodel; sourceTree = "<group>"; };
		14FEFFBB1D414C1600F499AC /* Assets.xcassets */ = {isa = PBXFileReference; lastKnownFileType = folder.assetcatalog; path = Assets.xcassets; sourceTree = "<group>"; };
		14FEFFBE1D414C1600F499AC /* Base */ = {isa = PBXFileReference; lastKnownFileType = file.storyboard; name = Base; path = Base.lproj/LaunchScreen.storyboard; sourceTree = "<group>"; };
		14FEFFC01D414C1600F499AC /* Info.plist */ = {isa = PBXFileReference; lastKnownFileType = text.plist.xml; path = Info.plist; sourceTree = "<group>"; };
		14FEFFC51D414C1600F499AC /* RunRecipeTests.xctest */ = {isa = PBXFileReference; explicitFileType = wrapper.cfbundle; includeInIndex = 0; path = RunRecipeTests.xctest; sourceTree = BUILT_PRODUCTS_DIR; };
		14FEFFC91D414C1600F499AC /* RunRecipeTests.m */ = {isa = PBXFileReference; lastKnownFileType = sourcecode.c.objc; path = RunRecipeTests.m; sourceTree = "<group>"; };
		14FEFFCB1D414C1600F499AC /* Info.plist */ = {isa = PBXFileReference; lastKnownFileType = text.plist.xml; path = Info.plist; sourceTree = "<group>"; };
		14FEFFD01D414C1600F499AC /* RunRecipeUITests.xctest */ = {isa = PBXFileReference; explicitFileType = wrapper.cfbundle; includeInIndex = 0; path = RunRecipeUITests.xctest; sourceTree = BUILT_PRODUCTS_DIR; };
		14FEFFD41D414C1600F499AC /* RunRecipeUITests.m */ = {isa = PBXFileReference; lastKnownFileType = sourcecode.c.objc; path = RunRecipeUITests.m; sourceTree = "<group>"; };
		14FEFFD61D414C1600F499AC /* Info.plist */ = {isa = PBXFileReference; lastKnownFileType = text.plist.xml; path = Info.plist; sourceTree = "<group>"; };
		4574F7095B0460FC5724A863 /* libPods-RunRecipe.a */ = {isa = PBXFileReference; explicitFileType = archive.ar; includeInIndex = 0; path = "libPods-RunRecipe.a"; sourceTree = BUILT_PRODUCTS_DIR; };
		6522993AA1F591B81436D872 /* Pods-RunRecipeUITests.release.xcconfig */ = {isa = PBXFileReference; includeInIndex = 1; lastKnownFileType = text.xcconfig; name = "Pods-RunRecipeUITests.release.xcconfig"; path = "Pods/Target Support Files/Pods-RunRecipeUITests/Pods-RunRecipeUITests.release.xcconfig"; sourceTree = "<group>"; };
		6F749B8AB691F6C089CDB8C7 /* Pods-RunRecipeTests.release.xcconfig */ = {isa = PBXFileReference; includeInIndex = 1; lastKnownFileType = text.xcconfig; name = "Pods-RunRecipeTests.release.xcconfig"; path = "Pods/Target Support Files/Pods-RunRecipeTests/Pods-RunRecipeTests.release.xcconfig"; sourceTree = "<group>"; };
		7EBFF31B303988719C928167 /* Pods-RunRecipe.release.xcconfig */ = {isa = PBXFileReference; includeInIndex = 1; lastKnownFileType = text.xcconfig; name = "Pods-RunRecipe.release.xcconfig"; path = "Pods/Target Support Files/Pods-RunRecipe/Pods-RunRecipe.release.xcconfig"; sourceTree = "<group>"; };
		B21FEEBABB7434ABB0714729 /* libPods-RunRecipeTests.a */ = {isa = PBXFileReference; explicitFileType = archive.ar; includeInIndex = 0; path = "libPods-RunRecipeTests.a"; sourceTree = BUILT_PRODUCTS_DIR; };
		C316E6E07AA6D9DEA9829AAB /* Pods-RunRecipeUITests.debug.xcconfig */ = {isa = PBXFileReference; includeInIndex = 1; lastKnownFileType = text.xcconfig; name = "Pods-RunRecipeUITests.debug.xcconfig"; path = "Pods/Target Support Files/Pods-RunRecipeUITests/Pods-RunRecipeUITests.debug.xcconfig"; sourceTree = "<group>"; };
		C7B8E62C1ED126DE357C0EBF /* libPods-RunRecipeUITests.a */ = {isa = PBXFileReference; explicitFileType = archive.ar; includeInIndex = 0; path = "libPods-RunRecipeUITests.a"; sourceTree = BUILT_PRODUCTS_DIR; };
		CDD3B07B0E99596C3BF53606 /* Pods-RunRecipe.debug.xcconfig */ = {isa = PBXFileReference; includeInIndex = 1; lastKnownFileType = text.xcconfig; name = "Pods-RunRecipe.debug.xcconfig"; path = "Pods/Target Support Files/Pods-RunRecipe/Pods-RunRecipe.debug.xcconfig"; sourceTree = "<group>"; };
		D1B0A8E9D3CA613EF27BEC35 /* Pods-RunRecipeTests.debug.xcconfig */ = {isa = PBXFileReference; includeInIndex = 1; lastKnownFileType = text.xcconfig; name = "Pods-RunRecipeTests.debug.xcconfig"; path = "Pods/Target Support Files/Pods-RunRecipeTests/Pods-RunRecipeTests.debug.xcconfig"; sourceTree = "<group>"; };
		FB9E917A1D41B88D00BF9B7F /* Fabric.framework */ = {isa = PBXFileReference; lastKnownFileType = wrapper.framework; path = Fabric.framework; sourceTree = SOURCE_ROOT; };
		FB9E917B1D41B88D00BF9B7F /* TwitterKit.framework */ = {isa = PBXFileReference; lastKnownFileType = wrapper.framework; path = TwitterKit.framework; sourceTree = SOURCE_ROOT; };
		FB9E917C1D41B88D00BF9B7F /* TwitterKitResources.bundle */ = {isa = PBXFileReference; lastKnownFileType = "wrapper.plug-in"; name = TwitterKitResources.bundle; path = TwitterKit.framework/Versions/A/Resources/TwitterKitResources.bundle; sourceTree = SOURCE_ROOT; };
		FB9E917D1D41B88D00BF9B7F /* TwitterCore.framework */ = {isa = PBXFileReference; lastKnownFileType = wrapper.framework; path = TwitterCore.framework; sourceTree = SOURCE_ROOT; };
		FB9E91831D41C6A500BF9B7F /* LogInViewController.h */ = {isa = PBXFileReference; fileEncoding = 4; lastKnownFileType = sourcecode.c.h; path = LogInViewController.h; sourceTree = "<group>"; };
		FB9E91841D41C6A500BF9B7F /* LogInViewController.m */ = {isa = PBXFileReference; fileEncoding = 4; lastKnownFileType = sourcecode.c.objc; path = LogInViewController.m; sourceTree = "<group>"; };
		FB9E91861D42BA2900BF9B7F /* LogOutViewController.h */ = {isa = PBXFileReference; fileEncoding = 4; lastKnownFileType = sourcecode.c.h; path = LogOutViewController.h; sourceTree = "<group>"; };
		FB9E91871D42BA2900BF9B7F /* LogOutViewController.m */ = {isa = PBXFileReference; fileEncoding = 4; lastKnownFileType = sourcecode.c.objc; path = LogOutViewController.m; sourceTree = "<group>"; };
		FB9E91891D43C60C00BF9B7F /* TimelineViewController.h */ = {isa = PBXFileReference; fileEncoding = 4; lastKnownFileType = sourcecode.c.h; path = TimelineViewController.h; sourceTree = "<group>"; };
		FB9E918A1D43C60C00BF9B7F /* TimelineViewController.m */ = {isa = PBXFileReference; fileEncoding = 4; lastKnownFileType = sourcecode.c.objc; path = TimelineViewController.m; sourceTree = "<group>"; };
		FB9E91921D44522600BF9B7F /* HistoryTableViewController.h */ = {isa = PBXFileReference; fileEncoding = 4; lastKnownFileType = sourcecode.c.h; path = HistoryTableViewController.h; sourceTree = "<group>"; };
		FB9E91931D44522600BF9B7F /* HistoryTableViewController.m */ = {isa = PBXFileReference; fileEncoding = 4; lastKnownFileType = sourcecode.c.objc; path = HistoryTableViewController.m; sourceTree = "<group>"; };
		FB9E91951D4514C700BF9B7F /* 08723M.mobileprovision */ = {isa = PBXFileReference; lastKnownFileType = file; name = 08723M.mobileprovision; path = ../../../Desktop/08723/08723M.mobileprovision; sourceTree = "<group>"; };
		FB9E91961D45A37B00BF9B7F /* libsqlite3.tbd */ = {isa = PBXFileReference; lastKnownFileType = "sourcecode.text-based-dylib-definition"; name = libsqlite3.tbd; path = usr/lib/libsqlite3.tbd; sourceTree = SDKROOT; };
		FB9E919A1D45A47400BF9B7F /* DBManager.h */ = {isa = PBXFileReference; fileEncoding = 4; lastKnownFileType = sourcecode.c.h; path = DBManager.h; sourceTree = "<group>"; };
		FB9E919B1D45A47400BF9B7F /* DBManager.m */ = {isa = PBXFileReference; fileEncoding = 4; lastKnownFileType = sourcecode.c.objc; path = DBManager.m; sourceTree = "<group>"; };
		FB9E919D1D47B40200BF9B7F /* CoreData.framework */ = {isa = PBXFileReference; lastKnownFileType = wrapper.framework; name = CoreData.framework; path = System/Library/Frameworks/CoreData.framework; sourceTree = SDKROOT; };
		FB9E91A41D47EA7900BF9B7F /* SummaryViewController.h */ = {isa = PBXFileReference; fileEncoding = 4; lastKnownFileType = sourcecode.c.h; path = SummaryViewController.h; sourceTree = "<group>"; };
		FB9E91A51D47EA7900BF9B7F /* SummaryViewController.m */ = {isa = PBXFileReference; fileEncoding = 4; lastKnownFileType = sourcecode.c.objc; path = SummaryViewController.m; sourceTree = "<group>"; };
		FB9E91A91D47F29000BF9B7F /* OAuthiOS.framework */ = {isa = PBXFileReference; lastKnownFileType = wrapper.framework; path = OAuthiOS.framework; sourceTree = "<group>"; };
		FB9E91AB1D47F32300BF9B7F /* Constants.h */ = {isa = PBXFileReference; lastKnownFileType = sourcecode.c.h; path = Constants.h; sourceTree = "<group>"; };
		FB9E91FB1D4AEA3B00BF9B7F /* DetailRunViewController.h */ = {isa = PBXFileReference; fileEncoding = 4; lastKnownFileType = sourcecode.c.h; path = DetailRunViewController.h; sourceTree = "<group>"; };
		FB9E91FC1D4AEA3B00BF9B7F /* DetailRunViewController.m */ = {isa = PBXFileReference; fileEncoding = 4; lastKnownFileType = sourcecode.c.objc; path = DetailRunViewController.m; sourceTree = "<group>"; };
		FB9E91FE1D4AF19200BF9B7F /* MathController.h */ = {isa = PBXFileReference; fileEncoding = 4; lastKnownFileType = sourcecode.c.h; path = MathController.h; sourceTree = "<group>"; };
		FB9E91FF1D4AF19200BF9B7F /* MathController.m */ = {isa = PBXFileReference; fileEncoding = 4; lastKnownFileType = sourcecode.c.objc; path = MathController.m; sourceTree = "<group>"; };
		FB9E92041D4B13DE00BF9B7F /* MultiColor.h */ = {isa = PBXFileReference; fileEncoding = 4; lastKnownFileType = sourcecode.c.h; path = MultiColor.h; sourceTree = "<group>"; };
		FB9E92051D4B13DE00BF9B7F /* MultiColor.m */ = {isa = PBXFileReference; fileEncoding = 4; lastKnownFileType = sourcecode.c.objc; path = MultiColor.m; sourceTree = "<group>"; };
/* End PBXFileReference section */

/* Begin PBXFrameworksBuildPhase section */
		14FEFFA61D414C1600F499AC /* Frameworks */ = {
			isa = PBXFrameworksBuildPhase;
			buildActionMask = 2147483647;
			files = (
				14F56B421D4E4A310081C95B /* Foundation.framework in Frameworks */,
				14F56B401D4E4A240081C95B /* UIKit.framework in Frameworks */,
				14F56B3E1D4E4A1B0081C95B /* QuartzCore.framework in Frameworks */,
				14F56B3C1D4E4A140081C95B /* CoreGraphics.framework in Frameworks */,
				1460FF161D48FCFC00748820 /* MapKit.framework in Frameworks */,
				FB9E919E1D47B40200BF9B7F /* CoreData.framework in Frameworks */,
				FB9E91971D45A37B00BF9B7F /* libsqlite3.tbd in Frameworks */,
				FB9E917E1D41B88D00BF9B7F /* Fabric.framework in Frameworks */,
				FB9E91811D41B88D00BF9B7F /* TwitterCore.framework in Frameworks */,
				FB9E91AA1D47F29000BF9B7F /* OAuthiOS.framework in Frameworks */,
				FB9E917F1D41B88D00BF9B7F /* TwitterKit.framework in Frameworks */,
				52149C8CE0C03B36C46F8B1E /* libPods-RunRecipe.a in Frameworks */,
			);
			runOnlyForDeploymentPostprocessing = 0;
		};
		14FEFFC21D414C1600F499AC /* Frameworks */ = {
			isa = PBXFrameworksBuildPhase;
			buildActionMask = 2147483647;
			files = (
				BFB204423685A619B8C59DAD /* libPods-RunRecipeTests.a in Frameworks */,
			);
			runOnlyForDeploymentPostprocessing = 0;
		};
		14FEFFCD1D414C1600F499AC /* Frameworks */ = {
			isa = PBXFrameworksBuildPhase;
			buildActionMask = 2147483647;
			files = (
				02B88371EDFB5FDC06601B5D /* libPods-RunRecipeUITests.a in Frameworks */,
			);
			runOnlyForDeploymentPostprocessing = 0;
		};
/* End PBXFrameworksBuildPhase section */

/* Begin PBXGroup section */
		14FEFFA01D414C1600F499AC = {
			isa = PBXGroup;
			children = (
				1460FF151D48FCFC00748820 /* MapKit.framework */,
				FB9E91961D45A37B00BF9B7F /* libsqlite3.tbd */,
				FB9E91951D4514C700BF9B7F /* 08723M.mobileprovision */,
				14FEFFAB1D414C1600F499AC /* RunRecipe */,
				14FEFFC81D414C1600F499AC /* RunRecipeTests */,
				14FEFFD31D414C1600F499AC /* RunRecipeUITests */,
				14FEFFAA1D414C1600F499AC /* Products */,
				F6D217E24F23FDB7AAA14B79 /* Pods */,
				78802298420BD0F0404EA5FB /* Frameworks */,
			);
			sourceTree = "<group>";
		};
		14FEFFAA1D414C1600F499AC /* Products */ = {
			isa = PBXGroup;
			children = (
				14FEFFA91D414C1600F499AC /* RunRecipe.app */,
				14FEFFC51D414C1600F499AC /* RunRecipeTests.xctest */,
				14FEFFD01D414C1600F499AC /* RunRecipeUITests.xctest */,
			);
			name = Products;
			sourceTree = "<group>";
		};
		14FEFFAB1D414C1600F499AC /* RunRecipe */ = {
			isa = PBXGroup;
			children = (
				14FEFFAF1D414C1600F499AC /* AppDelegate.h */,
				14FEFFB01D414C1600F499AC /* AppDelegate.m */,
				FB9E91741D41634600BF9B7F /* Controller */,
				FB9E91731D41634100BF9B7F /* View */,
				FB9E91721D41633A00BF9B7F /* Model */,
				14FEFFBB1D414C1600F499AC /* Assets.xcassets */,
				14FEFFBD1D414C1600F499AC /* LaunchScreen.storyboard */,
				14FEFFC01D414C1600F499AC /* Info.plist */,
				14FEFFAC1D414C1600F499AC /* Supporting Files */,
			);
			path = RunRecipe;
			sourceTree = "<group>";
		};
		14FEFFAC1D414C1600F499AC /* Supporting Files */ = {
			isa = PBXGroup;
			children = (
				FB9E91A91D47F29000BF9B7F /* OAuthiOS.framework */,
				FB9E919D1D47B40200BF9B7F /* CoreData.framework */,
				FB9E917A1D41B88D00BF9B7F /* Fabric.framework */,
				FB9E917B1D41B88D00BF9B7F /* TwitterKit.framework */,
				FB9E917C1D41B88D00BF9B7F /* TwitterKitResources.bundle */,
				FB9E917D1D41B88D00BF9B7F /* TwitterCore.framework */,
				14FEFFAD1D414C1600F499AC /* main.m */,
			);
			name = "Supporting Files";
			sourceTree = "<group>";
		};
		14FEFFC81D414C1600F499AC /* RunRecipeTests */ = {
			isa = PBXGroup;
			children = (
				14FEFFC91D414C1600F499AC /* RunRecipeTests.m */,
				14FEFFCB1D414C1600F499AC /* Info.plist */,
			);
			path = RunRecipeTests;
			sourceTree = "<group>";
		};
		14FEFFD31D414C1600F499AC /* RunRecipeUITests */ = {
			isa = PBXGroup;
			children = (
				14FEFFD41D414C1600F499AC /* RunRecipeUITests.m */,
				14FEFFD61D414C1600F499AC /* Info.plist */,
			);
			path = RunRecipeUITests;
			sourceTree = "<group>";
		};
		78802298420BD0F0404EA5FB /* Frameworks */ = {
			isa = PBXGroup;
			children = (
				14F56B411D4E4A300081C95B /* Foundation.framework */,
				14F56B3F1D4E4A240081C95B /* UIKit.framework */,
				14F56B3D1D4E4A1B0081C95B /* QuartzCore.framework */,
				14F56B3B1D4E4A140081C95B /* CoreGraphics.framework */,
				4574F7095B0460FC5724A863 /* libPods-RunRecipe.a */,
				B21FEEBABB7434ABB0714729 /* libPods-RunRecipeTests.a */,
				C7B8E62C1ED126DE357C0EBF /* libPods-RunRecipeUITests.a */,
			);
			name = Frameworks;
			sourceTree = "<group>";
		};
		F6D217E24F23FDB7AAA14B79 /* Pods */ = {
			isa = PBXGroup;
			children = (
				CDD3B07B0E99596C3BF53606 /* Pods-RunRecipe.debug.xcconfig */,
				7EBFF31B303988719C928167 /* Pods-RunRecipe.release.xcconfig */,
				D1B0A8E9D3CA613EF27BEC35 /* Pods-RunRecipeTests.debug.xcconfig */,
				6F749B8AB691F6C089CDB8C7 /* Pods-RunRecipeTests.release.xcconfig */,
				C316E6E07AA6D9DEA9829AAB /* Pods-RunRecipeUITests.debug.xcconfig */,
				6522993AA1F591B81436D872 /* Pods-RunRecipeUITests.release.xcconfig */,
			);
			name = Pods;
			sourceTree = "<group>";
		};
		FB9E91721D41633A00BF9B7F /* Model */ = {
			isa = PBXGroup;
			children = (
				14FEFFB81D414C1600F499AC /* RunRecipe.xcdatamodeld */,
				1460FF001D48F6DE00748820 /* Run+CoreDataProperties.h */,
				1460FF011D48F6DE00748820 /* Run+CoreDataProperties.m */,
				1460FF021D48F6DE00748820 /* Run.h */,
				1460FF031D48F6DE00748820 /* Run.m */,
				1460FF041D48F6DE00748820 /* User+CoreDataProperties.h */,
				1460FF051D48F6DE00748820 /* User+CoreDataProperties.m */,
				1460FF061D48F6DE00748820 /* User.h */,
				1460FF071D48F6DE00748820 /* User.m */,
				1460FF081D48F6DE00748820 /* Location+CoreDataProperties.h */,
				1460FF091D48F6DE00748820 /* Location+CoreDataProperties.m */,
				1460FF0A1D48F6DE00748820 /* Location.h */,
				1460FF0B1D48F6DE00748820 /* Location.m */,
				FB9E919A1D45A47400BF9B7F /* DBManager.h */,
				FB9E919B1D45A47400BF9B7F /* DBManager.m */,
			);
			name = Model;
			sourceTree = "<group>";
		};
		FB9E91731D41634100BF9B7F /* View */ = {
			isa = PBXGroup;
			children = (
				14FEFFB51D414C1600F499AC /* Main.storyboard */,
			);
			name = View;
			sourceTree = "<group>";
		};
		FB9E91741D41634600BF9B7F /* Controller */ = {
			isa = PBXGroup;
			children = (
				1460FF121D48FB7900748820 /* StartRunViewController.h */,
				1460FF131D48FB7900748820 /* StartRunViewController.m */,
				FB9E91AB1D47F32300BF9B7F /* Constants.h */,
				FB9E91831D41C6A500BF9B7F /* LogInViewController.h */,
				FB9E91841D41C6A500BF9B7F /* LogInViewController.m */,
				FB9E91861D42BA2900BF9B7F /* LogOutViewController.h */,
				FB9E91871D42BA2900BF9B7F /* LogOutViewController.m */,
				FB9E91891D43C60C00BF9B7F /* TimelineViewController.h */,
				FB9E918A1D43C60C00BF9B7F /* TimelineViewController.m */,
				FB9E91921D44522600BF9B7F /* HistoryTableViewController.h */,
				FB9E91931D44522600BF9B7F /* HistoryTableViewController.m */,
				FB9E91A41D47EA7900BF9B7F /* SummaryViewController.h */,
				FB9E91A51D47EA7900BF9B7F /* SummaryViewController.m */,
				1460FF171D4A520000748820 /* HistoryDetailsViewController.h */,
				1460FF181D4A520000748820 /* HistoryDetailsViewController.m */,
				FB9E91FB1D4AEA3B00BF9B7F /* DetailRunViewController.h */,
				FB9E91FC1D4AEA3B00BF9B7F /* DetailRunViewController.m */,
				FB9E91FE1D4AF19200BF9B7F /* MathController.h */,
				FB9E91FF1D4AF19200BF9B7F /* MathController.m */,
				FB9E92041D4B13DE00BF9B7F /* MultiColor.h */,
				FB9E92051D4B13DE00BF9B7F /* MultiColor.m */,
			);
			name = Controller;
			sourceTree = "<group>";
		};
/* End PBXGroup section */

/* Begin PBXNativeTarget section */
		14FEFFA81D414C1600F499AC /* RunRecipe */ = {
			isa = PBXNativeTarget;
			buildConfigurationList = 14FEFFD91D414C1600F499AC /* Build configuration list for PBXNativeTarget "RunRecipe" */;
			buildPhases = (
				84D4B933041C632CA488FA58 /* [CP] Check Pods Manifest.lock */,
				14FEFFA51D414C1600F499AC /* Sources */,
				14FEFFA61D414C1600F499AC /* Frameworks */,
				14FEFFA71D414C1600F499AC /* Resources */,
				FB9E91791D41B81500BF9B7F /* ShellScript */,
				51A886F0FCFC7E1ABB239511 /* [CP] Embed Pods Frameworks */,
				4642DFAEAF3182D70B4F0568 /* [CP] Copy Pods Resources */,
			);
			buildRules = (
			);
			dependencies = (
			);
			name = RunRecipe;
			productName = RunRecipe;
			productReference = 14FEFFA91D414C1600F499AC /* RunRecipe.app */;
			productType = "com.apple.product-type.application";
		};
		14FEFFC41D414C1600F499AC /* RunRecipeTests */ = {
			isa = PBXNativeTarget;
			buildConfigurationList = 14FEFFDC1D414C1600F499AC /* Build configuration list for PBXNativeTarget "RunRecipeTests" */;
			buildPhases = (
				6A168131A729F6020AD548CA /* [CP] Check Pods Manifest.lock */,
				14FEFFC11D414C1600F499AC /* Sources */,
				14FEFFC21D414C1600F499AC /* Frameworks */,
				14FEFFC31D414C1600F499AC /* Resources */,
				199F2D9FCDE13B4CF396383E /* [CP] Embed Pods Frameworks */,
				4484B064C5D2342189047067 /* [CP] Copy Pods Resources */,
			);
			buildRules = (
			);
			dependencies = (
				14FEFFC71D414C1600F499AC /* PBXTargetDependency */,
			);
			name = RunRecipeTests;
			productName = RunRecipeTests;
			productReference = 14FEFFC51D414C1600F499AC /* RunRecipeTests.xctest */;
			productType = "com.apple.product-type.bundle.unit-test";
		};
		14FEFFCF1D414C1600F499AC /* RunRecipeUITests */ = {
			isa = PBXNativeTarget;
			buildConfigurationList = 14FEFFDF1D414C1600F499AC /* Build configuration list for PBXNativeTarget "RunRecipeUITests" */;
			buildPhases = (
				B253DE238F16F134A2C899EC /* [CP] Check Pods Manifest.lock */,
				14FEFFCC1D414C1600F499AC /* Sources */,
				14FEFFCD1D414C1600F499AC /* Frameworks */,
				14FEFFCE1D414C1600F499AC /* Resources */,
				63D036F2F0AAB9BC337CDAC4 /* [CP] Copy Pods Resources */,
			);
			buildRules = (
			);
			dependencies = (
				14FEFFD21D414C1600F499AC /* PBXTargetDependency */,
			);
			name = RunRecipeUITests;
			productName = RunRecipeUITests;
			productReference = 14FEFFD01D414C1600F499AC /* RunRecipeUITests.xctest */;
			productType = "com.apple.product-type.bundle.ui-testing";
		};
/* End PBXNativeTarget section */

/* Begin PBXProject section */
		14FEFFA11D414C1600F499AC /* Project object */ = {
			isa = PBXProject;
			attributes = {
				LastUpgradeCheck = 0730;
				ORGANIZATIONNAME = Team1;
				TargetAttributes = {
					14FEFFA81D414C1600F499AC = {
						CreatedOnToolsVersion = 7.3.1;
					};
					14FEFFC41D414C1600F499AC = {
						CreatedOnToolsVersion = 7.3.1;
						TestTargetID = 14FEFFA81D414C1600F499AC;
					};
					14FEFFCF1D414C1600F499AC = {
						CreatedOnToolsVersion = 7.3.1;
						TestTargetID = 14FEFFA81D414C1600F499AC;
					};
				};
			};
			buildConfigurationList = 14FEFFA41D414C1600F499AC /* Build configuration list for PBXProject "RunRecipe" */;
			compatibilityVersion = "Xcode 3.2";
			developmentRegion = English;
			hasScannedForEncodings = 0;
			knownRegions = (
				en,
				Base,
			);
			mainGroup = 14FEFFA01D414C1600F499AC;
			productRefGroup = 14FEFFAA1D414C1600F499AC /* Products */;
			projectDirPath = "";
			projectRoot = "";
			targets = (
				14FEFFA81D414C1600F499AC /* RunRecipe */,
				14FEFFC41D414C1600F499AC /* RunRecipeTests */,
				14FEFFCF1D414C1600F499AC /* RunRecipeUITests */,
			);
		};
/* End PBXProject section */

/* Begin PBXResourcesBuildPhase section */
		14FEFFA71D414C1600F499AC /* Resources */ = {
			isa = PBXResourcesBuildPhase;
			buildActionMask = 2147483647;
			files = (
				FB9E91801D41B88D00BF9B7F /* TwitterKitResources.bundle in Resources */,
				14FEFFBF1D414C1600F499AC /* LaunchScreen.storyboard in Resources */,
				14FEFFBC1D414C1600F499AC /* Assets.xcassets in Resources */,
				14FEFFB71D414C1600F499AC /* Main.storyboard in Resources */,
			);
			runOnlyForDeploymentPostprocessing = 0;
		};
		14FEFFC31D414C1600F499AC /* Resources */ = {
			isa = PBXResourcesBuildPhase;
			buildActionMask = 2147483647;
			files = (
			);
			runOnlyForDeploymentPostprocessing = 0;
		};
		14FEFFCE1D414C1600F499AC /* Resources */ = {
			isa = PBXResourcesBuildPhase;
			buildActionMask = 2147483647;
			files = (
			);
			runOnlyForDeploymentPostprocessing = 0;
		};
/* End PBXResourcesBuildPhase section */

/* Begin PBXShellScriptBuildPhase section */
		199F2D9FCDE13B4CF396383E /* [CP] Embed Pods Frameworks */ = {
			isa = PBXShellScriptBuildPhase;
			buildActionMask = 2147483647;
			files = (
			);
			inputPaths = (
			);
			name = "[CP] Embed Pods Frameworks";
			outputPaths = (
			);
			runOnlyForDeploymentPostprocessing = 0;
			shellPath = /bin/sh;
			shellScript = "\"${SRCROOT}/Pods/Target Support Files/Pods-RunRecipeTests/Pods-RunRecipeTests-frameworks.sh\"\n";
			showEnvVarsInLog = 0;
		};
		4484B064C5D2342189047067 /* [CP] Copy Pods Resources */ = {
			isa = PBXShellScriptBuildPhase;
			buildActionMask = 2147483647;
			files = (
			);
			inputPaths = (
			);
			name = "[CP] Copy Pods Resources";
			outputPaths = (
			);
			runOnlyForDeploymentPostprocessing = 0;
			shellPath = /bin/sh;
			shellScript = "\"${SRCROOT}/Pods/Target Support Files/Pods-RunRecipeTests/Pods-RunRecipeTests-resources.sh\"\n";
			showEnvVarsInLog = 0;
		};
		4642DFAEAF3182D70B4F0568 /* [CP] Copy Pods Resources */ = {
			isa = PBXShellScriptBuildPhase;
			buildActionMask = 2147483647;
			files = (
			);
			inputPaths = (
			);
			name = "[CP] Copy Pods Resources";
			outputPaths = (
			);
			runOnlyForDeploymentPostprocessing = 0;
			shellPath = /bin/sh;
			shellScript = "\"${SRCROOT}/Pods/Target Support Files/Pods-RunRecipe/Pods-RunRecipe-resources.sh\"\n";
			showEnvVarsInLog = 0;
		};
		51A886F0FCFC7E1ABB239511 /* [CP] Embed Pods Frameworks */ = {
			isa = PBXShellScriptBuildPhase;
			buildActionMask = 2147483647;
			files = (
			);
			inputPaths = (
			);
			name = "[CP] Embed Pods Frameworks";
			outputPaths = (
			);
			runOnlyForDeploymentPostprocessing = 0;
			shellPath = /bin/sh;
			shellScript = "\"${SRCROOT}/Pods/Target Support Files/Pods-RunRecipe/Pods-RunRecipe-frameworks.sh\"\n";
			showEnvVarsInLog = 0;
		};
		63D036F2F0AAB9BC337CDAC4 /* [CP] Copy Pods Resources */ = {
			isa = PBXShellScriptBuildPhase;
			buildActionMask = 2147483647;
			files = (
			);
			inputPaths = (
			);
			name = "[CP] Copy Pods Resources";
			outputPaths = (
			);
			runOnlyForDeploymentPostprocessing = 0;
			shellPath = /bin/sh;
			shellScript = "\"${SRCROOT}/Pods/Target Support Files/Pods-RunRecipeUITests/Pods-RunRecipeUITests-resources.sh\"\n";
			showEnvVarsInLog = 0;
		};
		6A168131A729F6020AD548CA /* [CP] Check Pods Manifest.lock */ = {
			isa = PBXShellScriptBuildPhase;
			buildActionMask = 2147483647;
			files = (
			);
			inputPaths = (
			);
			name = "[CP] Check Pods Manifest.lock";
			outputPaths = (
			);
			runOnlyForDeploymentPostprocessing = 0;
			shellPath = /bin/sh;
			shellScript = "diff \"${PODS_ROOT}/../Podfile.lock\" \"${PODS_ROOT}/Manifest.lock\" > /dev/null\nif [[ $? != 0 ]] ; then\n    cat << EOM\nerror: The sandbox is not in sync with the Podfile.lock. Run 'pod install' or update your CocoaPods installation.\nEOM\n    exit 1\nfi\n";
			showEnvVarsInLog = 0;
		};
		84D4B933041C632CA488FA58 /* [CP] Check Pods Manifest.lock */ = {
			isa = PBXShellScriptBuildPhase;
			buildActionMask = 2147483647;
			files = (
			);
			inputPaths = (
			);
			name = "[CP] Check Pods Manifest.lock";
			outputPaths = (
			);
			runOnlyForDeploymentPostprocessing = 0;
			shellPath = /bin/sh;
			shellScript = "diff \"${PODS_ROOT}/../Podfile.lock\" \"${PODS_ROOT}/Manifest.lock\" > /dev/null\nif [[ $? != 0 ]] ; then\n    cat << EOM\nerror: The sandbox is not in sync with the Podfile.lock. Run 'pod install' or update your CocoaPods installation.\nEOM\n    exit 1\nfi\n";
			showEnvVarsInLog = 0;
		};
		B253DE238F16F134A2C899EC /* [CP] Check Pods Manifest.lock */ = {
			isa = PBXShellScriptBuildPhase;
			buildActionMask = 2147483647;
			files = (
			);
			inputPaths = (
			);
			name = "[CP] Check Pods Manifest.lock";
			outputPaths = (
			);
			runOnlyForDeploymentPostprocessing = 0;
			shellPath = /bin/sh;
			shellScript = "diff \"${PODS_ROOT}/../Podfile.lock\" \"${PODS_ROOT}/Manifest.lock\" > /dev/null\nif [[ $? != 0 ]] ; then\n    cat << EOM\nerror: The sandbox is not in sync with the Podfile.lock. Run 'pod install' or update your CocoaPods installation.\nEOM\n    exit 1\nfi\n";
			showEnvVarsInLog = 0;
		};
		FB9E91791D41B81500BF9B7F /* ShellScript */ = {
			isa = PBXShellScriptBuildPhase;
			buildActionMask = 2147483647;
			files = (
			);
			inputPaths = (
			);
			outputPaths = (
			);
			runOnlyForDeploymentPostprocessing = 0;
			shellPath = /bin/sh;
			shellScript = "./Fabric.framework/run 8e65f6810efad462e16720d814c89c896e55c7b5 4a18fba0644aeb678a1d24843bfa3ff4bc1b7379aa95ca70d1d8919b1286338b";
		};
/* End PBXShellScriptBuildPhase section */

/* Begin PBXSourcesBuildPhase section */
		14FEFFA51D414C1600F499AC /* Sources */ = {
			isa = PBXSourcesBuildPhase;
			buildActionMask = 2147483647;
			files = (
				FB9E91941D44522600BF9B7F /* HistoryTableViewController.m in Sources */,
				FB9E91881D42BA2900BF9B7F /* LogOutViewController.m in Sources */,
				FB9E91A61D47EA7900BF9B7F /* SummaryViewController.m in Sources */,
				FB9E919C1D45A47400BF9B7F /* DBManager.m in Sources */,
				1460FF0E1D48F6DE00748820 /* User+CoreDataProperties.m in Sources */,
				FB9E918B1D43C60C00BF9B7F /* TimelineViewController.m in Sources */,
				1460FF191D4A520000748820 /* HistoryDetailsViewController.m in Sources */,
				14FEFFB11D414C1600F499AC /* AppDelegate.m in Sources */,
				1460FF0F1D48F6DE00748820 /* User.m in Sources */,
				FB9E91851D41C6A500BF9B7F /* LogInViewController.m in Sources */,
				1460FF0C1D48F6DE00748820 /* Run+CoreDataProperties.m in Sources */,
				1460FF0D1D48F6DE00748820 /* Run.m in Sources */,
				1460FF101D48F6DE00748820 /* Location+CoreDataProperties.m in Sources */,
				FB9E92061D4B13DE00BF9B7F /* MultiColor.m in Sources */,
				14FEFFAE1D414C1600F499AC /* main.m in Sources */,
				1460FF111D48F6DE00748820 /* Location.m in Sources */,
				FB9E91FD1D4AEA3B00BF9B7F /* DetailRunViewController.m in Sources */,
				1460FF141D48FB7900748820 /* StartRunViewController.m in Sources */,
				FB9E92001D4AF19200BF9B7F /* MathController.m in Sources */,
				14FEFFBA1D414C1600F499AC /* RunRecipe.xcdatamodeld in Sources */,
			);
			runOnlyForDeploymentPostprocessing = 0;
		};
		14FEFFC11D414C1600F499AC /* Sources */ = {
			isa = PBXSourcesBuildPhase;
			buildActionMask = 2147483647;
			files = (
				14FEFFCA1D414C1600F499AC /* RunRecipeTests.m in Sources */,
			);
			runOnlyForDeploymentPostprocessing = 0;
		};
		14FEFFCC1D414C1600F499AC /* Sources */ = {
			isa = PBXSourcesBuildPhase;
			buildActionMask = 2147483647;
			files = (
				14FEFFD51D414C1600F499AC /* RunRecipeUITests.m in Sources */,
			);
			runOnlyForDeploymentPostprocessing = 0;
		};
/* End PBXSourcesBuildPhase section */

/* Begin PBXTargetDependency section */
		14FEFFC71D414C1600F499AC /* PBXTargetDependency */ = {
			isa = PBXTargetDependency;
			target = 14FEFFA81D414C1600F499AC /* RunRecipe */;
			targetProxy = 14FEFFC61D414C1600F499AC /* PBXContainerItemProxy */;
		};
		14FEFFD21D414C1600F499AC /* PBXTargetDependency */ = {
			isa = PBXTargetDependency;
			target = 14FEFFA81D414C1600F499AC /* RunRecipe */;
			targetProxy = 14FEFFD11D414C1600F499AC /* PBXContainerItemProxy */;
		};
/* End PBXTargetDependency section */

/* Begin PBXVariantGroup section */
		14FEFFB51D414C1600F499AC /* Main.storyboard */ = {
			isa = PBXVariantGroup;
			children = (
				14FEFFB61D414C1600F499AC /* Base */,
			);
			name = Main.storyboard;
			sourceTree = "<group>";
		};
		14FEFFBD1D414C1600F499AC /* LaunchScreen.storyboard */ = {
			isa = PBXVariantGroup;
			children = (
				14FEFFBE1D414C1600F499AC /* Base */,
			);
			name = LaunchScreen.storyboard;
			sourceTree = "<group>";
		};
/* End PBXVariantGroup section */

/* Begin XCBuildConfiguration section */
		14FEFFD71D414C1600F499AC /* Debug */ = {
			isa = XCBuildConfiguration;
			buildSettings = {
				ALWAYS_SEARCH_USER_PATHS = NO;
				CLANG_ANALYZER_NONNULL = YES;
				CLANG_CXX_LANGUAGE_STANDARD = "gnu++0x";
				CLANG_CXX_LIBRARY = "libc++";
				CLANG_ENABLE_MODULES = YES;
				CLANG_ENABLE_OBJC_ARC = YES;
				CLANG_WARN_BOOL_CONVERSION = YES;
				CLANG_WARN_CONSTANT_CONVERSION = YES;
				CLANG_WARN_DIRECT_OBJC_ISA_USAGE = YES_ERROR;
				CLANG_WARN_EMPTY_BODY = YES;
				CLANG_WARN_ENUM_CONVERSION = YES;
				CLANG_WARN_INT_CONVERSION = YES;
				CLANG_WARN_OBJC_ROOT_CLASS = YES_ERROR;
				CLANG_WARN_UNREACHABLE_CODE = YES;
				CLANG_WARN__DUPLICATE_METHOD_MATCH = YES;
				"CODE_SIGN_IDENTITY[sdk=iphoneos*]" = "iPhone Developer";
				COPY_PHASE_STRIP = NO;
				DEBUG_INFORMATION_FORMAT = dwarf;
				ENABLE_STRICT_OBJC_MSGSEND = YES;
				ENABLE_TESTABILITY = YES;
				GCC_C_LANGUAGE_STANDARD = gnu99;
				GCC_DYNAMIC_NO_PIC = NO;
				GCC_NO_COMMON_BLOCKS = YES;
				GCC_OPTIMIZATION_LEVEL = 0;
				GCC_PREPROCESSOR_DEFINITIONS = (
					"DEBUG=1",
					"$(inherited)",
				);
				GCC_WARN_64_TO_32_BIT_CONVERSION = YES;
				GCC_WARN_ABOUT_RETURN_TYPE = YES_ERROR;
				GCC_WARN_UNDECLARED_SELECTOR = YES;
				GCC_WARN_UNINITIALIZED_AUTOS = YES_AGGRESSIVE;
				GCC_WARN_UNUSED_FUNCTION = YES;
				GCC_WARN_UNUSED_VARIABLE = YES;
				IPHONEOS_DEPLOYMENT_TARGET = 9.3;
				MTL_ENABLE_DEBUG_INFO = YES;
				ONLY_ACTIVE_ARCH = YES;
				SDKROOT = iphoneos;
			};
			name = Debug;
		};
		14FEFFD81D414C1600F499AC /* Release */ = {
			isa = XCBuildConfiguration;
			buildSettings = {
				ALWAYS_SEARCH_USER_PATHS = NO;
				CLANG_ANALYZER_NONNULL = YES;
				CLANG_CXX_LANGUAGE_STANDARD = "gnu++0x";
				CLANG_CXX_LIBRARY = "libc++";
				CLANG_ENABLE_MODULES = YES;
				CLANG_ENABLE_OBJC_ARC = YES;
				CLANG_WARN_BOOL_CONVERSION = YES;
				CLANG_WARN_CONSTANT_CONVERSION = YES;
				CLANG_WARN_DIRECT_OBJC_ISA_USAGE = YES_ERROR;
				CLANG_WARN_EMPTY_BODY = YES;
				CLANG_WARN_ENUM_CONVERSION = YES;
				CLANG_WARN_INT_CONVERSION = YES;
				CLANG_WARN_OBJC_ROOT_CLASS = YES_ERROR;
				CLANG_WARN_UNREACHABLE_CODE = YES;
				CLANG_WARN__DUPLICATE_METHOD_MATCH = YES;
				"CODE_SIGN_IDENTITY[sdk=iphoneos*]" = "iPhone Developer";
				COPY_PHASE_STRIP = NO;
				DEBUG_INFORMATION_FORMAT = "dwarf-with-dsym";
				ENABLE_NS_ASSERTIONS = NO;
				ENABLE_STRICT_OBJC_MSGSEND = YES;
				GCC_C_LANGUAGE_STANDARD = gnu99;
				GCC_NO_COMMON_BLOCKS = YES;
				GCC_WARN_64_TO_32_BIT_CONVERSION = YES;
				GCC_WARN_ABOUT_RETURN_TYPE = YES_ERROR;
				GCC_WARN_UNDECLARED_SELECTOR = YES;
				GCC_WARN_UNINITIALIZED_AUTOS = YES_AGGRESSIVE;
				GCC_WARN_UNUSED_FUNCTION = YES;
				GCC_WARN_UNUSED_VARIABLE = YES;
				IPHONEOS_DEPLOYMENT_TARGET = 9.3;
				MTL_ENABLE_DEBUG_INFO = NO;
				SDKROOT = iphoneos;
				VALIDATE_PRODUCT = YES;
			};
			name = Release;
		};
		14FEFFDA1D414C1600F499AC /* Debug */ = {
			isa = XCBuildConfiguration;
			baseConfigurationReference = CDD3B07B0E99596C3BF53606 /* Pods-RunRecipe.debug.xcconfig */;
			buildSettings = {
				ASSETCATALOG_COMPILER_APPICON_NAME = AppIcon;
				ENABLE_BITCODE = NO;
				FRAMEWORK_SEARCH_PATHS = (
					"$(inherited)",
					"$(PROJECT_DIR)",
					"$(PROJECT_DIR)/RunRecipe",
				);
				INFOPLIST_FILE = RunRecipe/Info.plist;
				LD_RUNPATH_SEARCH_PATHS = "$(inherited) @executable_path/Frameworks";
				PRODUCT_BUNDLE_IDENTIFIER = com.Team1.RunRecipe;
				PRODUCT_NAME = "$(TARGET_NAME)";
			};
			name = Debug;
		};
		14FEFFDB1D414C1600F499AC /* Release */ = {
			isa = XCBuildConfiguration;
			baseConfigurationReference = 7EBFF31B303988719C928167 /* Pods-RunRecipe.release.xcconfig */;
			buildSettings = {
				ASSETCATALOG_COMPILER_APPICON_NAME = AppIcon;
				ENABLE_BITCODE = NO;
				FRAMEWORK_SEARCH_PATHS = (
					"$(inherited)",
					"$(PROJECT_DIR)",
					"$(PROJECT_DIR)/RunRecipe",
				);
				INFOPLIST_FILE = RunRecipe/Info.plist;
				LD_RUNPATH_SEARCH_PATHS = "$(inherited) @executable_path/Frameworks";
				PRODUCT_BUNDLE_IDENTIFIER = com.Team1.RunRecipe;
				PRODUCT_NAME = "$(TARGET_NAME)";
			};
			name = Release;
		};
		14FEFFDD1D414C1600F499AC /* Debug */ = {
			isa = XCBuildConfiguration;
			baseConfigurationReference = D1B0A8E9D3CA613EF27BEC35 /* Pods-RunRecipeTests.debug.xcconfig */;
			buildSettings = {
				BUNDLE_LOADER = "$(TEST_HOST)";
				INFOPLIST_FILE = RunRecipeTests/Info.plist;
				LD_RUNPATH_SEARCH_PATHS = "$(inherited) @executable_path/Frameworks @loader_path/Frameworks";
				PRODUCT_BUNDLE_IDENTIFIER = com.Team1.RunRecipeTests;
				PRODUCT_NAME = "$(TARGET_NAME)";
				TEST_HOST = "$(BUILT_PRODUCTS_DIR)/RunRecipe.app/RunRecipe";
			};
			name = Debug;
		};
		14FEFFDE1D414C1600F499AC /* Release */ = {
			isa = XCBuildConfiguration;
			baseConfigurationReference = 6F749B8AB691F6C089CDB8C7 /* Pods-RunRecipeTests.release.xcconfig */;
			buildSettings = {
				BUNDLE_LOADER = "$(TEST_HOST)";
				INFOPLIST_FILE = RunRecipeTests/Info.plist;
				LD_RUNPATH_SEARCH_PATHS = "$(inherited) @executable_path/Frameworks @loader_path/Frameworks";
				PRODUCT_BUNDLE_IDENTIFIER = com.Team1.RunRecipeTests;
				PRODUCT_NAME = "$(TARGET_NAME)";
				TEST_HOST = "$(BUILT_PRODUCTS_DIR)/RunRecipe.app/RunRecipe";
			};
			name = Release;
		};
		14FEFFE01D414C1600F499AC /* Debug */ = {
			isa = XCBuildConfiguration;
			baseConfigurationReference = C316E6E07AA6D9DEA9829AAB /* Pods-RunRecipeUITests.debug.xcconfig */;
			buildSettings = {
				INFOPLIST_FILE = RunRecipeUITests/Info.plist;
				LD_RUNPATH_SEARCH_PATHS = "$(inherited) @executable_path/Frameworks @loader_path/Frameworks";
				PRODUCT_BUNDLE_IDENTIFIER = com.Team1.RunRecipeUITests;
				PRODUCT_NAME = "$(TARGET_NAME)";
				TEST_TARGET_NAME = RunRecipe;
			};
			name = Debug;
		};
		14FEFFE11D414C1600F499AC /* Release */ = {
			isa = XCBuildConfiguration;
			baseConfigurationReference = 6522993AA1F591B81436D872 /* Pods-RunRecipeUITests.release.xcconfig */;
			buildSettings = {
				INFOPLIST_FILE = RunRecipeUITests/Info.plist;
				LD_RUNPATH_SEARCH_PATHS = "$(inherited) @executable_path/Frameworks @loader_path/Frameworks";
				PRODUCT_BUNDLE_IDENTIFIER = com.Team1.RunRecipeUITests;
				PRODUCT_NAME = "$(TARGET_NAME)";
				TEST_TARGET_NAME = RunRecipe;
			};
			name = Release;
		};
/* End XCBuildConfiguration section */

/* Begin XCConfigurationList section */
		14FEFFA41D414C1600F499AC /* Build configuration list for PBXProject "RunRecipe" */ = {
			isa = XCConfigurationList;
			buildConfigurations = (
				14FEFFD71D414C1600F499AC /* Debug */,
				14FEFFD81D414C1600F499AC /* Release */,
			);
			defaultConfigurationIsVisible = 0;
			defaultConfigurationName = Release;
		};
		14FEFFD91D414C1600F499AC /* Build configuration list for PBXNativeTarget "RunRecipe" */ = {
			isa = XCConfigurationList;
			buildConfigurations = (
				14FEFFDA1D414C1600F499AC /* Debug */,
				14FEFFDB1D414C1600F499AC /* Release */,
			);
			defaultConfigurationIsVisible = 0;
			defaultConfigurationName = Release;
		};
		14FEFFDC1D414C1600F499AC /* Build configuration list for PBXNativeTarget "RunRecipeTests" */ = {
			isa = XCConfigurationList;
			buildConfigurations = (
				14FEFFDD1D414C1600F499AC /* Debug */,
				14FEFFDE1D414C1600F499AC /* Release */,
			);
			defaultConfigurationIsVisible = 0;
			defaultConfigurationName = Release;
		};
		14FEFFDF1D414C1600F499AC /* Build configuration list for PBXNativeTarget "RunRecipeUITests" */ = {
			isa = XCConfigurationList;
			buildConfigurations = (
				14FEFFE01D414C1600F499AC /* Debug */,
				14FEFFE11D414C1600F499AC /* Release */,
			);
			defaultConfigurationIsVisible = 0;
			defaultConfigurationName = Release;
		};
/* End XCConfigurationList section */

/* Begin XCVersionGroup section */
		14FEFFB81D414C1600F499AC /* RunRecipe.xcdatamodeld */ = {
			isa = XCVersionGroup;
			children = (
				14FEFFB91D414C1600F499AC /* RunRecipe.xcdatamodel */,
			);
			currentVersion = 14FEFFB91D414C1600F499AC /* RunRecipe.xcdatamodel */;
			path = RunRecipe.xcdatamodeld;
			sourceTree = "<group>";
			versionGroupType = wrapper.xcdatamodel;
		};
/* End XCVersionGroup section */
	};
	rootObject = 14FEFFA11D414C1600F499AC /* Project object */;
}
